
Microsoft Visual Studio Solution File, Format Version 12.00
# Visual Studio 15
VisualStudioVersion = 15.0.27130.2036
MinimumVisualStudioVersion = 10.0.40219.1
Project("{FAE04EC0-301F-11D3-BF4B-00C04F79EFBC}") = "LDSMovies", "LDSMovies\LDSMovies.csproj", "{87FC06EA-34F3-42FF-B22E-EAD9C70C2203}"
EndProject
Global
	GlobalSection(SolutionConfigurationPlatforms) = preSolution
		Debug|Any CPU = Debug|Any CPU
		Release|Any CPU = Release|Any CPU
	EndGlobalSection
	GlobalSection(ProjectConfigurationPlatforms) = postSolution
		{87FC06EA-34F3-42FF-B22E-EAD9C70C2203}.Debug|Any CPU.ActiveCfg = Debug|Any CPU
		{87FC06EA-34F3-42FF-B22E-EAD9C70C2203}.Debug|Any CPU.Build.0 = Debug|Any CPU
		{87FC06EA-34F3-42FF-B22E-EAD9C70C2203}.Release|Any CPU.ActiveCfg = Release|Any CPU
		{87FC06EA-34F3-42FF-B22E-EAD9C70C2203}.Release|Any CPU.Build.0 = Release|Any CPU
	EndGlobalSection
	GlobalSection(SolutionProperties) = preSolution
		HideSolutionNode = FALSE
	EndGlobalSection
	GlobalSection(ExtensibilityGlobals) = postSolution
		SolutionGuid = {4F6EA0C5-D4D9-44C5-861A-738037A27C0E}
	EndGlobalSection
EndGlobal
