
Microsoft Visual Studio Solution File, Format Version 12.00
# Visual Studio 15
VisualStudioVersion = 15.0.27130.2010
MinimumVisualStudioVersion = 10.0.40219.1
Project("{FAE04EC0-301F-11D3-BF4B-00C04F79EFBC}") = "MegaDesk-3-TessLarcade", "MegaDesk-3-TessLarcade\MegaDesk-3-TessLarcade.csproj", "{0B5C139E-7AFC-4C28-9D55-60B57135FA2C}"
EndProject
Global
	GlobalSection(SolutionConfigurationPlatforms) = preSolution
		Debug|Any CPU = Debug|Any CPU
		Release|Any CPU = Release|Any CPU
	EndGlobalSection
	GlobalSection(ProjectConfigurationPlatforms) = postSolution
		{0B5C139E-7AFC-4C28-9D55-60B57135FA2C}.Debug|Any CPU.ActiveCfg = Debug|Any CPU
		{0B5C139E-7AFC-4C28-9D55-60B57135FA2C}.Debug|Any CPU.Build.0 = Debug|Any CPU
		{0B5C139E-7AFC-4C28-9D55-60B57135FA2C}.Release|Any CPU.ActiveCfg = Release|Any CPU
		{0B5C139E-7AFC-4C28-9D55-60B57135FA2C}.Release|Any CPU.Build.0 = Release|Any CPU
	EndGlobalSection
	GlobalSection(SolutionProperties) = preSolution
		HideSolutionNode = FALSE
	EndGlobalSection
	GlobalSection(ExtensibilityGlobals) = postSolution
		SolutionGuid = {9541EB1B-6139-4AE4-99F7-1FA35DBA9963}
	EndGlobalSection
EndGlobal
